
Microsoft Visual Studio Solution File, Format Version 12.00
# Visual Studio 15
VisualStudioVersion = 15.0.27428.2043
MinimumVisualStudioVersion = 10.0.40219.1
Project("{FAE04EC0-301F-11D3-BF4B-00C04F79EFBC}") = "HelloWorld", "HelloWorld\HelloWorld.csproj", "{052AA7DD-711B-4989-85DD-2CA7A1713E70}"
EndProject
Global
	GlobalSection(SolutionConfigurationPlatforms) = preSolution
		Debug|Any CPU = Debug|Any CPU
		Release|Any CPU = Release|Any CPU
	EndGlobalSection
	GlobalSection(ProjectConfigurationPlatforms) = postSolution
		{052AA7DD-711B-4989-85DD-2CA7A1713E70}.Debug|Any CPU.ActiveCfg = Debug|Any CPU
		{052AA7DD-711B-4989-85DD-2CA7A1713E70}.Debug|Any CPU.Build.0 = Debug|Any CPU
		{052AA7DD-711B-4989-85DD-2CA7A1713E70}.Release|Any CPU.ActiveCfg = Release|Any CPU
		{052AA7DD-711B-4989-85DD-2CA7A1713E70}.Release|Any CPU.Build.0 = Release|Any CPU
	EndGlobalSection
	GlobalSection(SolutionProperties) = preSolution
		HideSolutionNode = FALSE
	EndGlobalSection
	GlobalSection(ExtensibilityGlobals) = postSolution
		SolutionGuid = {62EB7415-09BF-4A89-A24A-B8610887FC73}
	EndGlobalSection
EndGlobal
